// !$*UTF8*$!
{
	archiveVersion = 1;
	classes = {
	};
	objectVersion = 48;
	objects = {

/* Begin PBXBuildFile section */
		51776BBF2012EA9600AF3628 /* main.cpp in Sources */ = {isa = PBXBuildFile; fileRef = 51776BBE2012EA9600AF3628 /* main.cpp */; };
		51776BCB2012EAE200AF3628 /* libsfml-audio.2.4.2.dylib in Frameworks */ = {isa = PBXBuildFile; fileRef = 51776BC62012EAE200AF3628 /* libsfml-audio.2.4.2.dylib */; };
		51776BCC2012EAE200AF3628 /* libsfml-window.2.4.2.dylib in Frameworks */ = {isa = PBXBuildFile; fileRef = 51776BC72012EAE200AF3628 /* libsfml-window.2.4.2.dylib */; };
		51776BCD2012EAE200AF3628 /* libsfml-graphics.2.4.2.dylib in Frameworks */ = {isa = PBXBuildFile; fileRef = 51776BC82012EAE200AF3628 /* libsfml-graphics.2.4.2.dylib */; };
		51776BCE2012EAE200AF3628 /* libsfml-network.2.4.2.dylib in Frameworks */ = {isa = PBXBuildFile; fileRef = 51776BC92012EAE200AF3628 /* libsfml-network.2.4.2.dylib */; };
		51776BCF2012EAE200AF3628 /* libsfml-system.2.4.2.dylib in Frameworks */ = {isa = PBXBuildFile; fileRef = 51776BCA2012EAE200AF3628 /* libsfml-system.2.4.2.dylib */; };
/* End PBXBuildFile section */

/* Begin PBXCopyFilesBuildPhase section */
		51776BB92012EA9600AF3628 /* CopyFiles */ = {
			isa = PBXCopyFilesBuildPhase;
			buildActionMask = 2147483647;
			dstPath = /usr/share/man/man1/;
			dstSubfolderSpec = 0;
			files = (
			);
			runOnlyForDeploymentPostprocessing = 1;
		};
/* End PBXCopyFilesBuildPhase section */

/* Begin PBXFileReference section */
		51776BBB2012EA9600AF3628 /* chessMASTER */ = {isa = PBXFileReference; explicitFileType = "compiled.mach-o.executable"; includeInIndex = 0; path = chessMASTER; sourceTree = BUILT_PRODUCTS_DIR; };
		51776BBE2012EA9600AF3628 /* main.cpp */ = {isa = PBXFileReference; lastKnownFileType = sourcecode.cpp.cpp; path = main.cpp; sourceTree = "<group>"; };
		51776BC62012EAE200AF3628 /* libsfml-audio.2.4.2.dylib */ = {isa = PBXFileReference; lastKnownFileType = "compiled.mach-o.dylib"; name = "libsfml-audio.2.4.2.dylib"; path = "ExternalLibraries/SFML/lib/libsfml-audio.2.4.2.dylib"; sourceTree = "<group>"; };
		51776BC72012EAE200AF3628 /* libsfml-window.2.4.2.dylib */ = {isa = PBXFileReference; lastKnownFileType = "compiled.mach-o.dylib"; name = "libsfml-window.2.4.2.dylib"; path = "ExternalLibraries/SFML/lib/libsfml-window.2.4.2.dylib"; sourceTree = "<group>"; };
		51776BC82012EAE200AF3628 /* libsfml-graphics.2.4.2.dylib */ = {isa = PBXFileReference; lastKnownFileType = "compiled.mach-o.dylib"; name = "libsfml-graphics.2.4.2.dylib"; path = "ExternalLibraries/SFML/lib/libsfml-graphics.2.4.2.dylib"; sourceTree = "<group>"; };
		51776BC92012EAE200AF3628 /* libsfml-network.2.4.2.dylib */ = {isa = PBXFileReference; lastKnownFileType = "compiled.mach-o.dylib"; name = "libsfml-network.2.4.2.dylib"; path = "ExternalLibraries/SFML/lib/libsfml-network.2.4.2.dylib"; sourceTree = "<group>"; };
		51776BCA2012EAE200AF3628 /* libsfml-system.2.4.2.dylib */ = {isa = PBXFileReference; lastKnownFileType = "compiled.mach-o.dylib"; name = "libsfml-system.2.4.2.dylib"; path = "ExternalLibraries/SFML/lib/libsfml-system.2.4.2.dylib"; sourceTree = "<group>"; };
/* End PBXFileReference section */

/* Begin PBXFrameworksBuildPhase section */
		51776BB82012EA9600AF3628 /* Frameworks */ = {
			isa = PBXFrameworksBuildPhase;
			buildActionMask = 2147483647;
			files = (
				51776BCB2012EAE200AF3628 /* libsfml-audio.2.4.2.dylib in Frameworks */,
				51776BCC2012EAE200AF3628 /* libsfml-window.2.4.2.dylib in Frameworks */,
				51776BCD2012EAE200AF3628 /* libsfml-graphics.2.4.2.dylib in Frameworks */,
				51776BCE2012EAE200AF3628 /* libsfml-network.2.4.2.dylib in Frameworks */,
				51776BCF2012EAE200AF3628 /* libsfml-system.2.4.2.dylib in Frameworks */,
			);
			runOnlyForDeploymentPostprocessing = 0;
		};
/* End PBXFrameworksBuildPhase section */

/* Begin PBXGroup section */
		51776BB22012EA9600AF3628 = {
			isa = PBXGroup;
			children = (
				51776BBD2012EA9600AF3628 /* chessMASTER */,
				51776BBC2012EA9600AF3628 /* Products */,
				51776BC52012EAE200AF3628 /* Frameworks */,
			);
			sourceTree = "<group>";
		};
		51776BBC2012EA9600AF3628 /* Products */ = {
			isa = PBXGroup;
			children = (
				51776BBB2012EA9600AF3628 /* chessMASTER */,
			);
			name = Products;
			sourceTree = "<group>";
		};
		51776BBD2012EA9600AF3628 /* chessMASTER */ = {
			isa = PBXGroup;
			children = (
				51776BBE2012EA9600AF3628 /* main.cpp */,
			);
			path = chessMASTER;
			sourceTree = "<group>";
		};
		51776BC52012EAE200AF3628 /* Frameworks */ = {
			isa = PBXGroup;
			children = (
				51776BC62012EAE200AF3628 /* libsfml-audio.2.4.2.dylib */,
				51776BC82012EAE200AF3628 /* libsfml-graphics.2.4.2.dylib */,
				51776BC92012EAE200AF3628 /* libsfml-network.2.4.2.dylib */,
				51776BCA2012EAE200AF3628 /* libsfml-system.2.4.2.dylib */,
				51776BC72012EAE200AF3628 /* libsfml-window.2.4.2.dylib */,
			);
			name = Frameworks;
			sourceTree = "<group>";
		};
/* End PBXGroup section */

/* Begin PBXNativeTarget section */
		51776BBA2012EA9600AF3628 /* chessMASTER */ = {
			isa = PBXNativeTarget;
			buildConfigurationList = 51776BC22012EA9600AF3628 /* Build configuration list for PBXNativeTarget "chessMASTER" */;
			buildPhases = (
				51776BB72012EA9600AF3628 /* Sources */,
				51776BB82012EA9600AF3628 /* Frameworks */,
				51776BB92012EA9600AF3628 /* CopyFiles */,
			);
			buildRules = (
			);
			dependencies = (
			);
			name = chessMASTER;
			productName = chessMASTER;
			productReference = 51776BBB2012EA9600AF3628 /* chessMASTER */;
			productType = "com.apple.product-type.tool";
		};
/* End PBXNativeTarget section */

/* Begin PBXProject section */
		51776BB32012EA9600AF3628 /* Project object */ = {
			isa = PBXProject;
			attributes = {
				LastUpgradeCheck = 0920;
				ORGANIZATIONNAME = "Addie Guo";
				TargetAttributes = {
					51776BBA2012EA9600AF3628 = {
						CreatedOnToolsVersion = 9.2;
						ProvisioningStyle = Automatic;
					};
				};
			};
			buildConfigurationList = 51776BB62012EA9600AF3628 /* Build configuration list for PBXProject "chessMASTER" */;
			compatibilityVersion = "Xcode 8.0";
			developmentRegion = en;
			hasScannedForEncodings = 0;
			knownRegions = (
				en,
			);
			mainGroup = 51776BB22012EA9600AF3628;
			productRefGroup = 51776BBC2012EA9600AF3628 /* Products */;
			projectDirPath = "";
			projectRoot = "";
			targets = (
				51776BBA2012EA9600AF3628 /* chessMASTER */,
			);
		};
/* End PBXProject section */

/* Begin PBXSourcesBuildPhase section */
		51776BB72012EA9600AF3628 /* Sources */ = {
			isa = PBXSourcesBuildPhase;
			buildActionMask = 2147483647;
			files = (
				51776BBF2012EA9600AF3628 /* main.cpp in Sources */,
			);
			runOnlyForDeploymentPostprocessing = 0;
		};
/* End PBXSourcesBuildPhase section */

/* Begin XCBuildConfiguration section */
		51776BC02012EA9600AF3628 /* Debug */ = {
			isa = XCBuildConfiguration;
			buildSettings = {
				ALWAYS_SEARCH_USER_PATHS = NO;
				CLANG_ANALYZER_NONNULL = YES;
				CLANG_ANALYZER_NUMBER_OBJECT_CONVERSION = YES_AGGRESSIVE;
				CLANG_CXX_LANGUAGE_STANDARD = "gnu++14";
				CLANG_CXX_LIBRARY = "libc++";
				CLANG_ENABLE_MODULES = YES;
				CLANG_ENABLE_OBJC_ARC = YES;
				CLANG_WARN_BLOCK_CAPTURE_AUTORELEASING = YES;
				CLANG_WARN_BOOL_CONVERSION = YES;
				CLANG_WARN_COMMA = YES;
				CLANG_WARN_CONSTANT_CONVERSION = YES;
				CLANG_WARN_DIRECT_OBJC_ISA_USAGE = YES_ERROR;
				CLANG_WARN_DOCUMENTATION_COMMENTS = YES;
				CLANG_WARN_EMPTY_BODY = YES;
				CLANG_WARN_ENUM_CONVERSION = YES;
				CLANG_WARN_INFINITE_RECURSION = YES;
				CLANG_WARN_INT_CONVERSION = YES;
				CLANG_WARN_NON_LITERAL_NULL_CONVERSION = YES;
				CLANG_WARN_OBJC_LITERAL_CONVERSION = YES;
				CLANG_WARN_OBJC_ROOT_CLASS = YES_ERROR;
				CLANG_WARN_RANGE_LOOP_ANALYSIS = YES;
				CLANG_WARN_STRICT_PROTOTYPES = YES;
				CLANG_WARN_SUSPICIOUS_MOVE = YES;
				CLANG_WARN_UNGUARDED_AVAILABILITY = YES_AGGRESSIVE;
				CLANG_WARN_UNREACHABLE_CODE = YES;
				CLANG_WARN__DUPLICATE_METHOD_MATCH = YES;
				CODE_SIGN_IDENTITY = "-";
				COPY_PHASE_STRIP = NO;
				DEBUG_INFORMATION_FORMAT = dwarf;
				ENABLE_STRICT_OBJC_MSGSEND = YES;
				ENABLE_TESTABILITY = YES;
				GCC_C_LANGUAGE_STANDARD = gnu11;
				GCC_DYNAMIC_NO_PIC = NO;
				GCC_NO_COMMON_BLOCKS = YES;
				GCC_OPTIMIZATION_LEVEL = 0;
				GCC_PREPROCESSOR_DEFINITIONS = (
					"DEBUG=1",
					"$(inherited)",
				);
				GCC_WARN_64_TO_32_BIT_CONVERSION = YES;
				GCC_WARN_ABOUT_RETURN_TYPE = YES_ERROR;
				GCC_WARN_UNDECLARED_SELECTOR = YES;
				GCC_WARN_UNINITIALIZED_AUTOS = YES_AGGRESSIVE;
				GCC_WARN_UNUSED_FUNCTION = YES;
				GCC_WARN_UNUSED_VARIABLE = YES;
				MACOSX_DEPLOYMENT_TARGET = 10.13;
				MTL_ENABLE_DEBUG_INFO = YES;
				ONLY_ACTIVE_ARCH = YES;
				SDKROOT = macosx;
			};
			name = Debug;
		};
		51776BC12012EA9600AF3628 /* Release */ = {
			isa = XCBuildConfiguration;
			buildSettings = {
				ALWAYS_SEARCH_USER_PATHS = NO;
				CLANG_ANALYZER_NONNULL = YES;
				CLANG_ANALYZER_NUMBER_OBJECT_CONVERSION = YES_AGGRESSIVE;
				CLANG_CXX_LANGUAGE_STANDARD = "gnu++14";
				CLANG_CXX_LIBRARY = "libc++";
				CLANG_ENABLE_MODULES = YES;
				CLANG_ENABLE_OBJC_ARC = YES;
				CLANG_WARN_BLOCK_CAPTURE_AUTORELEASING = YES;
				CLANG_WARN_BOOL_CONVERSION = YES;
				CLANG_WARN_COMMA = YES;
				CLANG_WARN_CONSTANT_CONVERSION = YES;
				CLANG_WARN_DIRECT_OBJC_ISA_USAGE = YES_ERROR;
				CLANG_WARN_DOCUMENTATION_COMMENTS = YES;
				CLANG_WARN_EMPTY_BODY = YES;
				CLANG_WARN_ENUM_CONVERSION = YES;
				CLANG_WARN_INFINITE_RECURSION = YES;
				CLANG_WARN_INT_CONVERSION = YES;
				CLANG_WARN_NON_LITERAL_NULL_CONVERSION = YES;
				CLANG_WARN_OBJC_LITERAL_CONVERSION = YES;
				CLANG_WARN_OBJC_ROOT_CLASS = YES_ERROR;
				CLANG_WARN_RANGE_LOOP_ANALYSIS = YES;
				CLANG_WARN_STRICT_PROTOTYPES = YES;
				CLANG_WARN_SUSPICIOUS_MOVE = YES;
				CLANG_WARN_UNGUARDED_AVAILABILITY = YES_AGGRESSIVE;
				CLANG_WARN_UNREACHABLE_CODE = YES;
				CLANG_WARN__DUPLICATE_METHOD_MATCH = YES;
				CODE_SIGN_IDENTITY = "-";
				COPY_PHASE_STRIP = NO;
				DEBUG_INFORMATION_FORMAT = "dwarf-with-dsym";
				ENABLE_NS_ASSERTIONS = NO;
				ENABLE_STRICT_OBJC_MSGSEND = YES;
				GCC_C_LANGUAGE_STANDARD = gnu11;
				GCC_NO_COMMON_BLOCKS = YES;
				GCC_WARN_64_TO_32_BIT_CONVERSION = YES;
				GCC_WARN_ABOUT_RETURN_TYPE = YES_ERROR;
				GCC_WARN_UNDECLARED_SELECTOR = YES;
				GCC_WARN_UNINITIALIZED_AUTOS = YES_AGGRESSIVE;
				GCC_WARN_UNUSED_FUNCTION = YES;
				GCC_WARN_UNUSED_VARIABLE = YES;
				MACOSX_DEPLOYMENT_TARGET = 10.13;
				MTL_ENABLE_DEBUG_INFO = NO;
				SDKROOT = macosx;
			};
			name = Release;
		};
		51776BC32012EA9600AF3628 /* Debug */ = {
			isa = XCBuildConfiguration;
			buildSettings = {
				CODE_SIGN_STYLE = Automatic;
				HEADER_SEARCH_PATHS = "${SRCROOT}/ExternalLibraries/SFML/include";
				LIBRARY_SEARCH_PATHS = (
					"$(inherited)",
					"$(PROJECT_DIR)/ExternalLibraries/SFML/lib",
				);
				PRODUCT_NAME = "$(TARGET_NAME)";
			};
			name = Debug;
		};
		51776BC42012EA9600AF3628 /* Release */ = {
			isa = XCBuildConfiguration;
			buildSettings = {
				CODE_SIGN_STYLE = Automatic;
				HEADER_SEARCH_PATHS = "${SRCROOT}/ExternalLibraries/SFML/include";
				LIBRARY_SEARCH_PATHS = (
					"$(inherited)",
					"$(PROJECT_DIR)/ExternalLibraries/SFML/lib",
				);
				PRODUCT_NAME = "$(TARGET_NAME)";
			};
			name = Release;
		};
/* End XCBuildConfiguration section */

/* Begin XCConfigurationList section */
		51776BB62012EA9600AF3628 /* Build configuration list for PBXProject "chessMASTER" */ = {
			isa = XCConfigurationList;
			buildConfigurations = (
				51776BC02012EA9600AF3628 /* Debug */,
				51776BC12012EA9600AF3628 /* Release */,
			);
			defaultConfigurationIsVisible = 0;
			defaultConfigurationName = Release;
		};
		51776BC22012EA9600AF3628 /* Build configuration list for PBXNativeTarget "chessMASTER" */ = {
			isa = XCConfigurationList;
			buildConfigurations = (
				51776BC32012EA9600AF3628 /* Debug */,
				51776BC42012EA9600AF3628 /* Release */,
			);
			defaultConfigurationIsVisible = 0;
			defaultConfigurationName = Release;
		};
/* End XCConfigurationList section */
	};
	rootObject = 51776BB32012EA9600AF3628 /* Project object */;
}
